{
  "requires": true,
  "lockfileVersion": 1,
  "dependencies": {
    "@prettier/plugin-ruby": {
      "version": "0.9.0",
      "resolved": "https://registry.npmjs.org/@prettier/plugin-ruby/-/plugin-ruby-0.9.0.tgz",
      "integrity": "sha512-PIhcxPA4k7x05Tg5kMQ9iLizLzbF+/avW1AFHOsjAND+f2RAipM9S7ZmWDzRoN9C0D0vNpogCwrv8MyDa8/DRw==",
      "dev": true,
      "requires": {
        "prettier": "^1.16.4"
      }
    },
    "prettier": {
      "version": "1.16.4",
      "resolved": "https://registry.npmjs.org/prettier/-/prettier-1.16.4.tgz",
      "integrity": "sha512-ZzWuos7TI5CKUeQAtFd6Zhm2s6EpAD/ZLApIhsF9pRvRtM1RFo61dM/4MSRUA0SuLugA/zgrZD8m0BaY46Og7g==",
      "dev": true
    }
  }
}
